
Microsoft Visual Studio Solution File, Format Version 12.00
# Visual Studio Version 17
VisualStudioVersion = 17.9.34902.65
MinimumVisualStudioVersion = 10.0.40219.1
Project("{FAE04EC0-301F-11D3-BF4B-00C04F79EFBC}") = "TMOSampleAPI", "TMOSampleAPI\TMOSampleAPI.csproj", "{DBC0E9BD-6D3B-45C0-975A-04C38C75D6C9}"
EndProject
Global
	GlobalSection(SolutionConfigurationPlatforms) = preSolution
		Debug|Any CPU = Debug|Any CPU
		Release|Any CPU = Release|Any CPU
	EndGlobalSection
	GlobalSection(ProjectConfigurationPlatforms) = postSolution
		{DBC0E9BD-6D3B-45C0-975A-04C38C75D6C9}.Debug|Any CPU.ActiveCfg = Debug|Any CPU
		{DBC0E9BD-6D3B-45C0-975A-04C38C75D6C9}.Debug|Any CPU.Build.0 = Debug|Any CPU
		{DBC0E9BD-6D3B-45C0-975A-04C38C75D6C9}.Release|Any CPU.ActiveCfg = Release|Any CPU
		{DBC0E9BD-6D3B-45C0-975A-04C38C75D6C9}.Release|Any CPU.Build.0 = Release|Any CPU
	EndGlobalSection
	GlobalSection(SolutionProperties) = preSolution
		HideSolutionNode = FALSE
	EndGlobalSection
	GlobalSection(ExtensibilityGlobals) = postSolution
		SolutionGuid = {06DF8A7D-965D-4236-8FBB-9206CE431538}
	EndGlobalSection
EndGlobal
